
Microsoft Visual Studio Solution File, Format Version 12.00
# Visual Studio Version 16
VisualStudioVersion = 16.0.30621.155
MinimumVisualStudioVersion = 10.0.40219.1
Project("{FAE04EC0-301F-11D3-BF4B-00C04F79EFBC}") = "Exercise2_076_ZulfaFathianYahya", "Exercise2_076_ZulfaFathianYahya\Exercise2_076_ZulfaFathianYahya.csproj", "{8F411C5B-EAE8-48E9-B386-215F188D3492}"
	ProjectSection(ProjectDependencies) = postProject
		{62837383-BC12-45B7-B7F5-56410B736A90} = {62837383-BC12-45B7-B7F5-56410B736A90}
	EndProjectSection
EndProject
Project("{FAE04EC0-301F-11D3-BF4B-00C04F79EFBC}") = "Service_076_ZulfaFathianYahya", "Service_076_ZulfaFathianYahya\Service_076_ZulfaFathianYahya.csproj", "{62837383-BC12-45B7-B7F5-56410B736A90}"
EndProject
Project("{FAE04EC0-301F-11D3-BF4B-00C04F79EFBC}") = "Server_076_ZulfaFathianyahya", "Server_076_ZulfaFathianyahya\Server_076_ZulfaFathianyahya.csproj", "{EAABAFAC-DEEC-46E2-995F-98BA8D98A1DD}"
EndProject
Global
	GlobalSection(SolutionConfigurationPlatforms) = preSolution
		Debug|Any CPU = Debug|Any CPU
		Release|Any CPU = Release|Any CPU
	EndGlobalSection
	GlobalSection(ProjectConfigurationPlatforms) = postSolution
		{8F411C5B-EAE8-48E9-B386-215F188D3492}.Debug|Any CPU.ActiveCfg = Debug|Any CPU
		{8F411C5B-EAE8-48E9-B386-215F188D3492}.Debug|Any CPU.Build.0 = Debug|Any CPU
		{8F411C5B-EAE8-48E9-B386-215F188D3492}.Release|Any CPU.ActiveCfg = Release|Any CPU
		{8F411C5B-EAE8-48E9-B386-215F188D3492}.Release|Any CPU.Build.0 = Release|Any CPU
		{62837383-BC12-45B7-B7F5-56410B736A90}.Debug|Any CPU.ActiveCfg = Debug|Any CPU
		{62837383-BC12-45B7-B7F5-56410B736A90}.Debug|Any CPU.Build.0 = Debug|Any CPU
		{62837383-BC12-45B7-B7F5-56410B736A90}.Release|Any CPU.ActiveCfg = Release|Any CPU
		{62837383-BC12-45B7-B7F5-56410B736A90}.Release|Any CPU.Build.0 = Release|Any CPU
		{EAABAFAC-DEEC-46E2-995F-98BA8D98A1DD}.Debug|Any CPU.ActiveCfg = Debug|Any CPU
		{EAABAFAC-DEEC-46E2-995F-98BA8D98A1DD}.Debug|Any CPU.Build.0 = Debug|Any CPU
		{EAABAFAC-DEEC-46E2-995F-98BA8D98A1DD}.Release|Any CPU.ActiveCfg = Release|Any CPU
		{EAABAFAC-DEEC-46E2-995F-98BA8D98A1DD}.Release|Any CPU.Build.0 = Release|Any CPU
	EndGlobalSection
	GlobalSection(SolutionProperties) = preSolution
		HideSolutionNode = FALSE
	EndGlobalSection
	GlobalSection(ExtensibilityGlobals) = postSolution
		SolutionGuid = {A586E4AA-7256-4248-B1D5-FA535F336A04}
	EndGlobalSection
EndGlobal
